<Solution>
  <Folder Name="/Itens de Solução/">
    <File Path=".gitignore" />
  </Folder>
  <Project Path="MauiApp1.Shared/MauiApp1.Shared.csproj" />
  <Project Path="MauiApp1.Web/MauiApp1.Web.csproj" />
  <Project Path="MauiApp1/MauiApp1.csproj">
    <Deploy Solution="Debug|*" />
  </Project>
  <Project Path="RclOrdering/RclOrdering.csproj" Id="6b528cac-6807-4daf-9610-25ce17febd8b" />
</Solution>
