<Solution>
  <Folder Name="/Itens de Solução/">
    <File Path=".gitignore" />
  </Folder>
  <Project Path="MauiApp1.Shared/MauiApp1.Shared.csproj" />
  <Project Path="MauiApp1.Web/MauiApp1.Web.csproj" />
  <Project Path="MauiApp1/MauiApp1.csproj">
    <Deploy Solution="Debug|*" />
  </Project>
  <Project Path="RclOrdering/RclOrdering.csproj" Id="c41dfa94-4379-4497-a2aa-02649a29d4dc" />
</Solution>
